
Microsoft Visual Studio Solution File, Format Version 12.00
# Visual Studio 14
VisualStudioVersion = 14.0.22823.1
MinimumVisualStudioVersion = 10.0.40219.1
Project("{2150E333-8FDC-42A3-9474-1A3956D46DE8}") = "src", "src", "{C783B7AB-C513-401C-B21A-1C83AA583A0A}"
EndProject
Project("{2150E333-8FDC-42A3-9474-1A3956D46DE8}") = "Solution Items", "Solution Items", "{B70E71AA-FF93-4DCC-911D-1829B114AD80}"
	ProjectSection(SolutionItems) = preProject
		global.json = global.json
	EndProjectSection
EndProject
Project("{8BB2217D-0F2D-49D1-97BC-3654ED321F3B}") = "libraryOfBooks", "src\libraryOfBooks\libraryOfBooks.xproj", "{B973D084-C653-47BE-84D9-6E236F6C809F}"
EndProject
Global
	GlobalSection(SolutionConfigurationPlatforms) = preSolution
		Debug|Any CPU = Debug|Any CPU
		Release|Any CPU = Release|Any CPU
	EndGlobalSection
	GlobalSection(ProjectConfigurationPlatforms) = postSolution
		{B973D084-C653-47BE-84D9-6E236F6C809F}.Debug|Any CPU.ActiveCfg = Debug|Any CPU
		{B973D084-C653-47BE-84D9-6E236F6C809F}.Debug|Any CPU.Build.0 = Debug|Any CPU
		{B973D084-C653-47BE-84D9-6E236F6C809F}.Release|Any CPU.ActiveCfg = Release|Any CPU
		{B973D084-C653-47BE-84D9-6E236F6C809F}.Release|Any CPU.Build.0 = Release|Any CPU
	EndGlobalSection
	GlobalSection(SolutionProperties) = preSolution
		HideSolutionNode = FALSE
	EndGlobalSection
	GlobalSection(NestedProjects) = preSolution
		{B973D084-C653-47BE-84D9-6E236F6C809F} = {C783B7AB-C513-401C-B21A-1C83AA583A0A}
	EndGlobalSection
EndGlobal
